Microsoft Visual Studio Solution File, Format Version 12.00
# Visual Studio 15
VisualStudioVersion = 15.0.26730.15
MinimumVisualStudioVersion = 10.0.40219.1
Project("{FAE04EC0-301F-11D3-BF4B-00C04F79EFBC}") = "MD5ColumnHandler", "MD5ColumnHandler.csproj", "{03FF4520-12A6-4A2D-8DE1-387604976D26}"
EndProject
Global
	GlobalSection(SolutionConfigurationPlatforms) = preSolution
		Debug|Any CPU = Debug|Any CPU
		Release|Any CPU = Release|Any CPU
	EndGlobalSection
	GlobalSection(ProjectConfigurationPlatforms) = postSolution
		{03FF4520-12A6-4A2D-8DE1-387604976D26}.Debug|Any CPU.ActiveCfg = Debug|Any CPU
		{03FF4520-12A6-4A2D-8DE1-387604976D26}.Debug|Any CPU.Build.0 = Debug|Any CPU
		{03FF4520-12A6-4A2D-8DE1-387604976D26}.Release|Any CPU.ActiveCfg = Release|Any CPU
		{03FF4520-12A6-4A2D-8DE1-387604976D26}.Release|Any CPU.Build.0 = Release|Any CPU
	EndGlobalSection
	GlobalSection(SolutionProperties) = preSolution
		HideSolutionNode = FALSE
	EndGlobalSection
	GlobalSection(ExtensibilityGlobals) = postSolution
		SolutionGuid = {6A49D5BA-9C75-46BD-92A8-EF69ED37F70C}
	EndGlobalSection
EndGlobal
